
Microsoft Visual Studio Solution File, Format Version 12.00
# Visual Studio Version 17
VisualStudioVersion = 17.7.34024.191
MinimumVisualStudioVersion = 10.0.40219.1
Project("{FAE04EC0-301F-11D3-BF4B-00C04F79EFBC}") = "OnlineLearning", "OnlineLearning\OnlineLearning.csproj", "{BFA83FB3-1F97-47D8-88F4-8A87C2D9C47E}"
EndProject
Global
	GlobalSection(SolutionConfigurationPlatforms) = preSolution
		Debug|Any CPU = Debug|Any CPU
		Release|Any CPU = Release|Any CPU
	EndGlobalSection
	GlobalSection(ProjectConfigurationPlatforms) = postSolution
		{BFA83FB3-1F97-47D8-88F4-8A87C2D9C47E}.Debug|Any CPU.ActiveCfg = Debug|Any CPU
		{BFA83FB3-1F97-47D8-88F4-8A87C2D9C47E}.Debug|Any CPU.Build.0 = Debug|Any CPU
		{BFA83FB3-1F97-47D8-88F4-8A87C2D9C47E}.Release|Any CPU.ActiveCfg = Release|Any CPU
		{BFA83FB3-1F97-47D8-88F4-8A87C2D9C47E}.Release|Any CPU.Build.0 = Release|Any CPU
	EndGlobalSection
	GlobalSection(SolutionProperties) = preSolution
		HideSolutionNode = FALSE
	EndGlobalSection
	GlobalSection(ExtensibilityGlobals) = postSolution
		SolutionGuid = {C0511DAB-EFB9-4499-B0D2-D293D495D757}
	EndGlobalSection
EndGlobal
